
Microsoft Visual Studio Solution File, Format Version 12.00
# Visual Studio Version 16
VisualStudioVersion = 16.0.30114.105
MinimumVisualStudioVersion = 10.0.40219.1
Project("{9A19103F-16F7-4668-BE54-9A1E7A4F7556}") = "SimpleFactory", "SimpleFactory\SimpleFactory.csproj", "{072E4A40-4A61-47BE-BEFD-9A220E805A65}"
EndProject
Project("{9A19103F-16F7-4668-BE54-9A1E7A4F7556}") = "StrategyPattern", "StrategyPattern\StrategyPattern.csproj", "{746EA88E-8485-44A3-9CA8-B6F4D1D46116}"
EndProject
Project("{9A19103F-16F7-4668-BE54-9A1E7A4F7556}") = "DecoretePattern", "DecoretePattern\DecoretePattern.csproj", "{8F957CAA-B820-428D-8BED-1DFFBCAD7ACA}"
EndProject
Project("{9A19103F-16F7-4668-BE54-9A1E7A4F7556}") = "ProxyPattern", "ProxyPattern\ProxyPattern.csproj", "{FE14E803-4C4D-4015-8CB1-95D9D3883B2B}"
EndProject
Project("{9A19103F-16F7-4668-BE54-9A1E7A4F7556}") = "AdapterPattern", "AdapterPattern\AdapterPattern.csproj", "{5A708F3F-3729-4C5F-8968-FA4A82753C68}"
EndProject
Global
	GlobalSection(SolutionConfigurationPlatforms) = preSolution
		Debug|Any CPU = Debug|Any CPU
		Release|Any CPU = Release|Any CPU
	EndGlobalSection
	GlobalSection(ProjectConfigurationPlatforms) = postSolution
		{072E4A40-4A61-47BE-BEFD-9A220E805A65}.Debug|Any CPU.ActiveCfg = Debug|Any CPU
		{072E4A40-4A61-47BE-BEFD-9A220E805A65}.Debug|Any CPU.Build.0 = Debug|Any CPU
		{072E4A40-4A61-47BE-BEFD-9A220E805A65}.Release|Any CPU.ActiveCfg = Release|Any CPU
		{072E4A40-4A61-47BE-BEFD-9A220E805A65}.Release|Any CPU.Build.0 = Release|Any CPU
		{746EA88E-8485-44A3-9CA8-B6F4D1D46116}.Debug|Any CPU.ActiveCfg = Debug|Any CPU
		{746EA88E-8485-44A3-9CA8-B6F4D1D46116}.Debug|Any CPU.Build.0 = Debug|Any CPU
		{746EA88E-8485-44A3-9CA8-B6F4D1D46116}.Release|Any CPU.ActiveCfg = Release|Any CPU
		{746EA88E-8485-44A3-9CA8-B6F4D1D46116}.Release|Any CPU.Build.0 = Release|Any CPU
		{8F957CAA-B820-428D-8BED-1DFFBCAD7ACA}.Debug|Any CPU.ActiveCfg = Debug|Any CPU
		{8F957CAA-B820-428D-8BED-1DFFBCAD7ACA}.Debug|Any CPU.Build.0 = Debug|Any CPU
		{8F957CAA-B820-428D-8BED-1DFFBCAD7ACA}.Release|Any CPU.ActiveCfg = Release|Any CPU
		{8F957CAA-B820-428D-8BED-1DFFBCAD7ACA}.Release|Any CPU.Build.0 = Release|Any CPU
		{FE14E803-4C4D-4015-8CB1-95D9D3883B2B}.Debug|Any CPU.ActiveCfg = Debug|Any CPU
		{FE14E803-4C4D-4015-8CB1-95D9D3883B2B}.Debug|Any CPU.Build.0 = Debug|Any CPU
		{FE14E803-4C4D-4015-8CB1-95D9D3883B2B}.Release|Any CPU.ActiveCfg = Release|Any CPU
		{FE14E803-4C4D-4015-8CB1-95D9D3883B2B}.Release|Any CPU.Build.0 = Release|Any CPU
		{5A708F3F-3729-4C5F-8968-FA4A82753C68}.Debug|Any CPU.ActiveCfg = Debug|Any CPU
		{5A708F3F-3729-4C5F-8968-FA4A82753C68}.Debug|Any CPU.Build.0 = Debug|Any CPU
		{5A708F3F-3729-4C5F-8968-FA4A82753C68}.Release|Any CPU.ActiveCfg = Release|Any CPU
		{5A708F3F-3729-4C5F-8968-FA4A82753C68}.Release|Any CPU.Build.0 = Release|Any CPU
	EndGlobalSection
	GlobalSection(SolutionProperties) = preSolution
		HideSolutionNode = FALSE
	EndGlobalSection
	GlobalSection(ExtensibilityGlobals) = postSolution
		SolutionGuid = {677FDC75-FDA5-485C-B00B-2CBC77AE6CD0}
	EndGlobalSection
EndGlobal
